PODS:
  - GPUImage (0.1.7)
  - SnapKit (3.2.0)
  - TLPhotoPicker (1.1.1)
  - TuSDK (2.8.0):
    - TuSDK/Core (= 2.8.0)
    - TuSDK/GPUImage (= 2.8.0)
    - TuSDK/ImageGeeV1 (= 2.8.0)
    - TuSDK/ImageGeeV2 (= 2.8.0)
  - TuSDK/Core (2.8.0)
  - TuSDK/GPUImage (2.8.0):
    - GPUImage (~> 0.1.6)
  - TuSDK/ImageGeeV1 (2.8.0)
  - TuSDK/ImageGeeV2 (2.8.0)

DEPENDENCIES:
  - SnapKit (~> 3.2.0)
  - TLPhotoPicker
  - TuSDK (~> 2.8.0)

SPEC CHECKSUMS:
  GPUImage: 733a5f0fab92df9de1c37ba9df520a833ccb406d
  SnapKit: 1ca44df72cfa543218d177cb8aab029d10d86ea7
  TLPhotoPicker: cbbc56721b76b1f60c325fb3bdef3100b99412b7
  TuSDK: 0ee6705d4943e124a9b5bfea94f7bf5d100fcdfd

PODFILE CHECKSUM: 486b8f046054866cded6af72ecfb53909d1782ca

COCOAPODS: 1.1.1
